<?xml version="1.0" encoding="UTF-8"?>
<Scheme
   LastUpgradeVersion = "1300"
   version = "1.3">
   <BuildAction
      parallelizeBuildables = "YES"
      buildImplicitDependencies = "YES">
      <BuildActionEntries>
         <BuildActionEntry
            buildForTesting = "YES"
            buildForRunning = "YES"
            buildForProfiling = "YES"
            buildForArchiving = "YES"
            buildForAnalyzing = "YES">
            <BuildableReference
               BuildableIdentifier = "primary"
               BlueprintIdentifier = "6AA3843E27628C6B003A7826"
               BuildableName = "InstagramTV.app"
               BlueprintName = "InstagramTV"
               ReferencedContainer = "container:InstagramTV.xcodeproj">
            </BuildableReference>
         </BuildActionEntry>
      </BuildActionEntries>
   </BuildAction>
   <TestAction
      buildConfiguration = "Debug"
      selectedDebuggerIdentifier = "Xcode.DebuggerFoundation.Debugger.LLDB"
      selectedLauncherIdentifier = "Xcode.DebuggerFoundation.Launcher.LLDB"
      shouldUseLaunchSchemeArgsEnv = "YES">
      <Testables>
         <TestableReference
            skipped = "NO">
            <BuildableReference
               BuildableIdentifier = "primary"
               BlueprintIdentifier = "6AA3844E27628C6D003A7826"
               BuildableName = "InstagramTVTests.xctest"
               BlueprintName = "InstagramTVTests"
               ReferencedContainer = "container:InstagramTV.xcodeproj">
            </BuildableReference>
         </TestableReference>
         <TestableReference
            skipped = "YES">
            <BuildableReference
               BuildableIdentifier = "primary"
               BlueprintIdentifier = "6AA3845827628C6D003A7826"
               BuildableName = "InstagramTVUITests.xctest"
               BlueprintName = "InstagramTVUITests"
               ReferencedContainer = "container:InstagramTV.xcodeproj">
            </BuildableReference>
         </TestableReference>
      </Testables>
   </TestAction>
   <LaunchAction
      buildConfiguration = "Debug"
      selectedDebuggerIdentifier = "Xcode.DebuggerFoundation.Debugger.LLDB"
      selectedLauncherIdentifier = "Xcode.DebuggerFoundation.Launcher.LLDB"
      launchStyle = "0"
      useCustomWorkingDirectory = "NO"
      ignoresPersistentStateOnLaunch = "NO"
      debugDocumentVersioning = "YES"
      debugServiceExtension = "internal"
      allowLocationSimulation = "YES">
      <BuildableProductRunnable
         runnableDebuggingMode = "0">
         <BuildableReference
            BuildableIdentifier = "primary"
            BlueprintIdentifier = "6AA3843E27628C6B003A7826"
            BuildableName = "InstagramTV.app"
            BlueprintName = "InstagramTV"
            ReferencedContainer = "container:InstagramTV.xcodeproj">
         </BuildableReference>
      </BuildableProductRunnable>
   </LaunchAction>
   <ProfileAction
      buildConfiguration = "Release"
      shouldUseLaunchSchemeArgsEnv = "YES"
      savedToolIdentifier = ""
      useCustomWorkingDirectory = "NO"
      debugDocumentVersioning = "YES">
      <BuildableProductRunnable
         runnableDebuggingMode = "0">
         <BuildableReference
            BuildableIdentifier = "primary"
            BlueprintIdentifier = "6AA3843E27628C6B003A7826"
            BuildableName = "InstagramTV.app"
            BlueprintName = "InstagramTV"
            ReferencedContainer = "container:InstagramTV.xcodeproj">
         </BuildableReference>
      </BuildableProductRunnable>
   </ProfileAction>
   <AnalyzeAction
      buildConfiguration = "Debug">
   </AnalyzeAction>
   <ArchiveAction
      buildConfiguration = "Release"
      revealArchiveInOrganizer = "YES">
   </ArchiveAction>
</Scheme>
